{
  "requires": true,
  "lockfileVersion": 1,
  "dependencies": {
    "wxmp-rsa": {
      "version": "1.1.0",
      "resolved": "https://registry.npmjs.org/wxmp-rsa/-/wxmp-rsa-1.1.0.tgz",
      "integrity": "sha512-1Cheo+Q0iFD74Jd7Ox3HNvV36f7YTHe/2Bxnvuex8OibdCO33MZgwGVWX79acMa2YKNv3KISXr6QInWRG47edQ=="
    }
  }
}
