{
  "name": "recook-weapp",
  "version": "1.0.0",
  "lockfileVersion": 2,
  "requires": true,
  "packages": {
    "": {
      "version": "1.0.0",
      "license": "ISC",
      "dependencies": {
        "tim-wx-sdk": "^2.12.2",
        "wxmp-rsa": "^1.1.1"
      }
    },
    "node_modules/tim-wx-sdk": {
      "version": "2.12.2",
      "resolved": "https://registry.npmjs.org/tim-wx-sdk/-/tim-wx-sdk-2.12.2.tgz",
      "integrity": "sha512-Rxcixi6rHMdQQwqYjLDD3/U2zDZSG46fjQfwVz2DDx2XeP9S6Nmd0v4sCa36pRNDiZuSrAUpN89Q04W6+L/vCQ=="
    },
    "node_modules/wxmp-rsa": {
      "version": "1.1.1",
      "resolved": "https://registry.npmjs.org/wxmp-rsa/-/wxmp-rsa-1.1.1.tgz",
      "integrity": "sha512-H+IHQcmVqqGUSHp/a7qtSsH49YKHoU++WNziHIi2r/q6KlM+myKjXnQkH/2DR3ZzTbZXBfm17uCgjj/A31hmLg=="
    }
  },
  "dependencies": {
    "tim-wx-sdk": {
      "version": "2.12.2",
      "resolved": "https://registry.npmjs.org/tim-wx-sdk/-/tim-wx-sdk-2.12.2.tgz",
      "integrity": "sha512-Rxcixi6rHMdQQwqYjLDD3/U2zDZSG46fjQfwVz2DDx2XeP9S6Nmd0v4sCa36pRNDiZuSrAUpN89Q04W6+L/vCQ=="
    },
    "wxmp-rsa": {
      "version": "1.1.1",
      "resolved": "https://registry.npmjs.org/wxmp-rsa/-/wxmp-rsa-1.1.1.tgz",
      "integrity": "sha512-H+IHQcmVqqGUSHp/a7qtSsH49YKHoU++WNziHIi2r/q6KlM+myKjXnQkH/2DR3ZzTbZXBfm17uCgjj/A31hmLg=="
    }
  }
}
