{
  "name": "recook-weapp",
  "version": "1.0.0",
  "lockfileVersion": 2,
  "requires": true,
  "packages": {
    "": {
      "version": "1.0.0",
      "license": "ISC",
      "dependencies": {
        "wxmp-rsa": "^1.1.1"
      }
    },
    "node_modules/wxmp-rsa": {
      "version": "1.1.1",
      "resolved": "https://registry.npmjs.org/wxmp-rsa/-/wxmp-rsa-1.1.1.tgz",
      "integrity": "sha512-H+IHQcmVqqGUSHp/a7qtSsH49YKHoU++WNziHIi2r/q6KlM+myKjXnQkH/2DR3ZzTbZXBfm17uCgjj/A31hmLg=="
    }
  },
  "dependencies": {
    "wxmp-rsa": {
      "version": "1.1.1",
      "resolved": "https://registry.npmjs.org/wxmp-rsa/-/wxmp-rsa-1.1.1.tgz",
      "integrity": "sha512-H+IHQcmVqqGUSHp/a7qtSsH49YKHoU++WNziHIi2r/q6KlM+myKjXnQkH/2DR3ZzTbZXBfm17uCgjj/A31hmLg=="
    }
  }
}
